
Microsoft Visual Studio Solution File, Format Version 12.00
# Visual Studio Version 16
VisualStudioVersion = 16.0.30804.86
MinimumVisualStudioVersion = 10.0.40219.1
Project("{FAE04EC0-301F-11D3-BF4B-00C04F79EFBC}") = "SayıTahminOyunu", "SayıTahminOyunu\SayıTahminOyunu.csproj", "{96152563-88FE-4380-8387-19FDA3144B8F}"
EndProject
Global
	GlobalSection(SolutionConfigurationPlatforms) = preSolution
		Debug|Any CPU = Debug|Any CPU
		Release|Any CPU = Release|Any CPU
	EndGlobalSection
	GlobalSection(ProjectConfigurationPlatforms) = postSolution
		{96152563-88FE-4380-8387-19FDA3144B8F}.Debug|Any CPU.ActiveCfg = Debug|Any CPU
		{96152563-88FE-4380-8387-19FDA3144B8F}.Debug|Any CPU.Build.0 = Debug|Any CPU
		{96152563-88FE-4380-8387-19FDA3144B8F}.Release|Any CPU.ActiveCfg = Release|Any CPU
		{96152563-88FE-4380-8387-19FDA3144B8F}.Release|Any CPU.Build.0 = Release|Any CPU
	EndGlobalSection
	GlobalSection(SolutionProperties) = preSolution
		HideSolutionNode = FALSE
	EndGlobalSection
	GlobalSection(ExtensibilityGlobals) = postSolution
		SolutionGuid = {660E155C-7406-4AC0-8EAA-698CD7C8C5F1}
	EndGlobalSection
EndGlobal
